
Microsoft Visual Studio Solution File, Format Version 12.00
# Visual Studio 15
VisualStudioVersion = 15.0.28307.102
MinimumVisualStudioVersion = 10.0.40219.1
Project("{FAE04EC0-301F-11D3-BF4B-00C04F79EFBC}") = "Day8", "Day8\Day8.csproj", "{547F8A4A-091B-4F62-BCE6-6156F377834A}"
EndProject
Global
	GlobalSection(SolutionConfigurationPlatforms) = preSolution
		Debug|Any CPU = Debug|Any CPU
		Release|Any CPU = Release|Any CPU
	EndGlobalSection
	GlobalSection(ProjectConfigurationPlatforms) = postSolution
		{547F8A4A-091B-4F62-BCE6-6156F377834A}.Debug|Any CPU.ActiveCfg = Debug|Any CPU
		{547F8A4A-091B-4F62-BCE6-6156F377834A}.Debug|Any CPU.Build.0 = Debug|Any CPU
		{547F8A4A-091B-4F62-BCE6-6156F377834A}.Release|Any CPU.ActiveCfg = Release|Any CPU
		{547F8A4A-091B-4F62-BCE6-6156F377834A}.Release|Any CPU.Build.0 = Release|Any CPU
	EndGlobalSection
	GlobalSection(SolutionProperties) = preSolution
		HideSolutionNode = FALSE
	EndGlobalSection
	GlobalSection(ExtensibilityGlobals) = postSolution
		SolutionGuid = {CCC2E870-6E4E-4F60-BEFB-286B549B293B}
	EndGlobalSection
EndGlobal
